# This file was autogenerated by Stack.
# You should not edit this file by hand.
# For more information, please see the documentation at:
#   https://docs.haskellstack.org/en/stable/lock_files

packages:
- completed:
    hackage: Crypto-4.2.5.1@sha256:52275a055f4adf7c488260fb9fae60d03679632e64d3c8fc69d8b5951e8129cc,3688
    pantry-tree:
      size: 2200
      sha256: bcfda2201140d9231b31b28050141ecda4e2b1e1a0c408de8228402b8a854f12
  original:
    hackage: Crypto-4.2.5.1
- completed:
    hackage: bytestring-arbitrary-0.1.2@sha256:047830dd5582a265228f3a70400453cdf8b138b1fd961a66f5235419da854881,1773
    pantry-tree:
      size: 347
      sha256: 9af9284ce33c7e1676bf2d2b18efe700ddfe3c0c81de8f4523f17ec7e08ae3ec
  original:
    hackage: bytestring-arbitrary-0.1.2
- completed:
    hackage: derive-2.6.4@sha256:f697cbe62828b5d777ea148814978940bd8707cb2ad4adff9415fc6139a7c05d,3184
    pantry-tree:
      size: 3967
      sha256: cb33c5025c4629ea5377dd0fc521700cac79f8a88a5d062cfbb0cd7f9f37bcb5
  original:
    hackage: derive-2.6.4
- completed:
    hackage: global-lock-0.1@sha256:b7affe140763f53f17fd9c937dfe9b8023c7d209216fb3793933957e49a7446f,1327
    pantry-tree:
      size: 492
      sha256: d909a170116ad483db6fc9d5190211f6a0e4b7dcd8e87f38ff2337b6a9bd9be6
  original:
    hackage: global-lock-0.1
- completed:
    hackage: hflags-0.4.3@sha256:f6b85fc7cbd170787f49225646e62d5589e5dd75abe6f26d16287e5fff3e678e,3121
    pantry-tree:
      size: 853
      sha256: 2519de50ccfe2d47f03aad3cff660617aab4beea7a6c003c50f94aa74d63a7c7
  original:
    hackage: hflags-0.4.3
- completed:
    hackage: json-stream-0.4.2.3@sha256:0f783a4a3b00e5712936e00daab3a345159e2cdcabc3d7bc73989f14b7f9f658,4724
    pantry-tree:
      size: 2055
      sha256: 2622bd36dc01112374fd24b982b9c2e72b8c6c61a23fd71b89527055e79bd698
  original:
    hackage: json-stream-0.4.2.3
- completed:
    hackage: monadIO-0.11.0.0@sha256:3f93259cbee61c3317bb9b372aa7a4b706f99c51c808625bd0b4ecd0b27a45fa,1026
    pantry-tree:
      size: 444
      sha256: 1c8c15e91d4d037626e9a7af746f039f6592dbd68b1398d33587538bcd4b8f3f
  original:
    hackage: monadIO-0.11.0.0
- completed:
    hackage: murmur3-1.0.3@sha256:e6c97f0b43a7882c4509d1993c347f0dc540e03b90014da63623f1054bb4d2c8,1873
    pantry-tree:
      size: 338
      sha256: ff5d2f29b96d321c3aa32f7f88bf57e96e869e340a20f326d9876d483ed4371f
  original:
    hackage: murmur3-1.0.3
- completed:
    hackage: nibblestring-0.0.3@sha256:aaf68a1c89cff51b628d4825d9e4caab2f8bbdf767a36ef05090b4d719cf295b,1660
    pantry-tree:
      size: 274
      sha256: 7ca9f4f1c055a4bd33ecfb239eb48c884a1b3fe60dc4f8a8251dfbb9504d9b37
  original:
    hackage: nibblestring-0.0.3
- completed:
    hackage: normaldistribution-1.1.0.3@sha256:2615b784c4112cbf6ffa0e2b55b76790290a9b9dff18a05d8c89aa374b213477,2160
    pantry-tree:
      size: 269
      sha256: 856818862d12df8b030fa9cfef2c4ffa604d06f0eb057498db245dfffcd60e3c
  original:
    hackage: normaldistribution-1.1.0.3
- completed:
    hackage: opaleye-0.6.7001.0@sha256:3aebb9f19ff339d0ce03fc44c47cb460489a37bdec6d50731a0bbb5a4e8a9b56,5145
    pantry-tree:
      size: 4712
      sha256: 4919a77f2e0b389aa190c68411ef52239454bd9ae89ab5b99cdebace5f574bf5
  original:
    hackage: opaleye-0.6.7001.0
- completed:
    hackage: ordered-containers-0.1.0@sha256:43f7ff5ab80237c6e60124238296bb93ffc689d2d5001215a24f0ad7820368d4,878
    pantry-tree:
      size: 390
      sha256: f996f2cbb3476beaf8bd2a2a9b734ef5d574694b6b60c814bee95d0f1ba66d31
  original:
    hackage: ordered-containers-0.1.0
- completed:
    hackage: parsec3-numbers-0.1.0@sha256:2f32295f9f4023f7f97da851549aaaf5e72866e98bf016a1ac3c6e8715bbaf8a,685
    pantry-tree:
      size: 264
      sha256: a3d23f56cc2a9d17ed24ac5119a7b2102d40c0afeed5271f6b41b7597f181df0
  original:
    hackage: parsec3-numbers-0.1.0
- completed:
    hackage: pbkdf-1.1.1.1@sha256:8d464cca917d723c65fe1a9f03e3b441e3f1bdbe4b72bf0f4e24a1e80ccfa326,2070
    pantry-tree:
      size: 521
      sha256: 6247df8d7f7d197b591e7103d8118b2e59e368eda2f8bc2e3b32992a57ec8b01
  original:
    hackage: pbkdf-1.1.1.1
- completed:
    hackage: pcg-random-0.1.3.5@sha256:ad8ed1d1ec74944144592b1846479f8e72c9d95169c240a2c1f53b965f24a213,2453
    pantry-tree:
      size: 1209
      sha256: 7a6e290b97384d6d124c56946f31c56d94aa19e12455abd5746d01cd9ffd0f4b
  original:
    hackage: pcg-random-0.1.3.5
- completed:
    hackage: prometheus-client-1.0.0@sha256:49c66cb52200363b4fe4254dca96ddb0c587f076673e29d530e8864e6f8bc362,2518
    pantry-tree:
      size: 1225
      sha256: a72305cc651b4adc527d1b2ac6e096a3b3ed4edb64463cf4aa27cf8aca1d543d
  original:
    hackage: prometheus-client-1.0.0
- completed:
    hackage: servant-options-0.1.0.0@sha256:39f50166a68006250e79370372f553ca476f14d06d93fa0c401050253aeba803,914
    pantry-tree:
      size: 293
      sha256: 7812baf1b27c62068ba634207fbd7077b886424d666b36739a78c6d4008a1fd4
  original:
    hackage: servant-options-0.1.0.0
- completed:
    hackage: wai-middleware-prometheus-1.0.0@sha256:1625792914fb2139f005685be8ce519111451cfb854816e430fbf54af46238b4,1314
    pantry-tree:
      size: 307
      sha256: 6d64803c639ed4c7204ea6fab0536b97d3ee16cdecb9b4a883cd8e56d3c61402
  original:
    hackage: wai-middleware-prometheus-1.0.0
- completed:
    hackage: generic-random-1.2.0.0@sha256:c4faea0197ac73f2850e07d0023e43500152b613d0d9e60d5202fb9303e910b4,1521
    pantry-tree:
      size: 606
      sha256: 559a68660fa26fa9b13fd560b9473304c113cf025a53298976b6b388c43910db
  original:
    hackage: generic-random-1.2.0.0
- completed:
    hackage: prettyprinter-1.2.1@sha256:69856d061c602917d578190265edb62b14f63a2e02bcc565adf31146f903a45b,5271
    pantry-tree:
      size: 2105
      sha256: 19708cc7a763cbad5c0a3349c8ec22906200413d82e0eeb90130c83fa6c5c93c
  original:
    hackage: prettyprinter-1.2.1
- completed:
    hackage: logging-effect-1.3.3@sha256:4d52c64f55159be01f13d0f1074cf79f6aeef01d73d30d7aa88459ec5beaab9c,1678
    pantry-tree:
      size: 330
      sha256: 1dd4b1fbe92215ba30c88460d39a4258b0ae91631c6570cfba79500f66050649
  original:
    hackage: logging-effect-1.3.3
- completed:
    hackage: bloomfilter-2.0.1.0@sha256:5b67d765315fb2abc1cde85e3c20ae1badfbe8d1070ed57525b7c428586e2d2f,1728
    pantry-tree:
      size: 1081
      sha256: 30d79e4e95082a3af0fe83457bb29cffb637e240346dc2372cc34ede9f8f0ae8
  original:
    hackage: bloomfilter-2.0.1.0
- completed:
    hackage: servant-aeson-specs-0.6.2.0@sha256:c2139f729695c18186394aeb50adceb5ba4b8adb3986626659f2210979bf5f99,2185
    pantry-tree:
      size: 635
      sha256: a3da46446259728df7cb47dd54f3ef6481c654177917df033226a5317ed6af02
  original:
    hackage: servant-aeson-specs-0.6.2.0
- completed:
    hackage: strings-1.1@sha256:0285dec4c8ab262359342b3e5ef1eb567074669461b9b38404f1cb870c881c5c,1617
    pantry-tree:
      size: 212
      sha256: 876e5a679244143e2a7e74357427c7522a8d61f68a4cc3ae265fe4960b75a2e2
  original:
    hackage: strings-1.1
- completed:
    cabal-file:
      size: 5617
      sha256: 09665eaee38a9dc1d2b54340f9e23d27786b6b44a009d62ca298a0223324f75c
    name: secp256k1
    version: 0.4.6
    git: https://github.com/echatav/secp256k1-haskell/
    pantry-tree:
      size: 7256
      sha256: 60b57db34457f1f4abc26eb9d7f329bbdfca3dd416a20c2930d9d4871c06325a
    commit: c27236f93ba2af4da0865558e2dedf2d8643cd8c
  original:
    git: https://github.com/echatav/secp256k1-haskell/
    commit: c27236f93ba2af4da0865558e2dedf2d8643cd8c
- completed:
    cabal-file:
      size: 1574
      sha256: b89ea23189e07f377be4e2a4deccf3d6ba7f547ed8ad77e27b35d78801efd81c
    name: relapse
    version: 1.0.0.0
    git: https://github.com/iostat/relapse
    pantry-tree:
      size: 596
      sha256: b9d0b948eb382462bac11d6e422a01eeacc403b029eadfdd7004a0eb8d465906
    commit: 2b25839d1b75508301adde293b8c6ef8591ef00a
  original:
    git: https://github.com/iostat/relapse
    commit: 2b25839d1b75508301adde293b8c6ef8591ef00a
- completed:
    cabal-file:
      size: 5153
      sha256: e32a1da4f774c685807fa2cf17bbed3c44b698959e342a1ea551f3fb559540b8
    name: esqueleto
    version: 2.6.0
    git: https://github.com/bitemyapp/esqueleto.git
    pantry-tree:
      size: 1978
      sha256: fd9332f42cd9df725eea947daec8c77b444a7ec55a2a7ab35ec245846e47b634
    commit: b81e0d951e510ebffca03c5a58658ad884cc6fbd
  original:
    git: https://github.com/bitemyapp/esqueleto.git
    commit: b81e0d951e510ebffca03c5a58658ad884cc6fbd
- completed:
    cabal-file:
      size: 1764
      sha256: 60d1089396878c619b5a589eea21aaa4cd99e41dc739b857490d7c22e67359c9
    name: semver-range
    version: 0.2.7
    git: https://github.com/ababkin/semver-range
    pantry-tree:
      size: 817
      sha256: 5c8fb160a9b84a0228975628263f2240e3a2b0a892544a154a36d76eaa6e86af
    commit: fc56a310eaac1d2dbbd7a7ef2ee94cf05f4464f5
  original:
    git: https://github.com/ababkin/semver-range
    commit: fc56a310eaac1d2dbbd7a7ef2ee94cf05f4464f5
snapshots:
- completed:
    size: 501504
    url: https://raw.githubusercontent.com/commercialhaskell/stackage-snapshots/master/lts/12/4.yaml
    sha256: 58c30f58d877b569461a241956dd27c9e5d69ee95c8889171baba8bbaaa5b093
  original: lts-12.4
